
Microsoft Visual Studio Solution File, Format Version 12.00
# Visual Studio Version 16
VisualStudioVersion = 16.0.31515.178
MinimumVisualStudioVersion = 10.0.40219.1
Project("{9A19103F-16F7-4668-BE54-9A1E7A4F7556}") = "DynamicBootstarpGrid", "DynamicBootstarpGrid\DynamicBootstarpGrid.csproj", "{7117DF2C-6CA7-49B5-A756-B6D8252ECB41}"
EndProject
Global
	GlobalSection(SolutionConfigurationPlatforms) = preSolution
		Debug|Any CPU = Debug|Any CPU
		Release|Any CPU = Release|Any CPU
	EndGlobalSection
	GlobalSection(ProjectConfigurationPlatforms) = postSolution
		{7117DF2C-6CA7-49B5-A756-B6D8252ECB41}.Debug|Any CPU.ActiveCfg = Debug|Any CPU
		{7117DF2C-6CA7-49B5-A756-B6D8252ECB41}.Debug|Any CPU.Build.0 = Debug|Any CPU
		{7117DF2C-6CA7-49B5-A756-B6D8252ECB41}.Release|Any CPU.ActiveCfg = Release|Any CPU
		{7117DF2C-6CA7-49B5-A756-B6D8252ECB41}.Release|Any CPU.Build.0 = Release|Any CPU
	EndGlobalSection
	GlobalSection(SolutionProperties) = preSolution
		HideSolutionNode = FALSE
	EndGlobalSection
	GlobalSection(ExtensibilityGlobals) = postSolution
		SolutionGuid = {D9616868-785E-4174-9F90-D86FD1EA6421}
	EndGlobalSection
EndGlobal
